
Microsoft Visual Studio Solution File, Format Version 12.00
# Visual Studio 15
VisualStudioVersion = 15.0.26127.3
MinimumVisualStudioVersion = 10.0.40219.1
Project("{FAE04EC0-301F-11D3-BF4B-00C04F79EFBC}") = "CommerceShop", "CommerceShop\CommerceShop.csproj", "{B97BA246-74F0-410F-B3D1-683597046C06}"
EndProject
Project("{FAE04EC0-301F-11D3-BF4B-00C04F79EFBC}") = "CommerceShop.Data", "CommerceShop.Data\CommerceShop.Data.csproj", "{65512712-1C15-4CD2-BBAC-C8FB2542F04E}"
EndProject
Project("{FAE04EC0-301F-11D3-BF4B-00C04F79EFBC}") = "CommerceShop.Service", "CommerceShop.Service\CommerceShop.Service.csproj", "{9340C419-0582-41A4-8E27-197EEB0E673C}"
EndProject
Global
	GlobalSection(SolutionConfigurationPlatforms) = preSolution
		Debug|Any CPU = Debug|Any CPU
		Debug|x64 = Debug|x64
		Debug|x86 = Debug|x86
		Release|Any CPU = Release|Any CPU
		Release|x64 = Release|x64
		Release|x86 = Release|x86
	EndGlobalSection
	GlobalSection(ProjectConfigurationPlatforms) = postSolution
		{B97BA246-74F0-410F-B3D1-683597046C06}.Debug|Any CPU.ActiveCfg = Debug|Any CPU
		{B97BA246-74F0-410F-B3D1-683597046C06}.Debug|Any CPU.Build.0 = Debug|Any CPU
		{B97BA246-74F0-410F-B3D1-683597046C06}.Debug|x64.ActiveCfg = Debug|Any CPU
		{B97BA246-74F0-410F-B3D1-683597046C06}.Debug|x64.Build.0 = Debug|Any CPU
		{B97BA246-74F0-410F-B3D1-683597046C06}.Debug|x86.ActiveCfg = Debug|Any CPU
		{B97BA246-74F0-410F-B3D1-683597046C06}.Debug|x86.Build.0 = Debug|Any CPU
		{B97BA246-74F0-410F-B3D1-683597046C06}.Release|Any CPU.ActiveCfg = Release|Any CPU
		{B97BA246-74F0-410F-B3D1-683597046C06}.Release|Any CPU.Build.0 = Release|Any CPU
		{B97BA246-74F0-410F-B3D1-683597046C06}.Release|x64.ActiveCfg = Release|Any CPU
		{B97BA246-74F0-410F-B3D1-683597046C06}.Release|x64.Build.0 = Release|Any CPU
		{B97BA246-74F0-410F-B3D1-683597046C06}.Release|x86.ActiveCfg = Release|Any CPU
		{B97BA246-74F0-410F-B3D1-683597046C06}.Release|x86.Build.0 = Release|Any CPU
		{65512712-1C15-4CD2-BBAC-C8FB2542F04E}.Debug|Any CPU.ActiveCfg = Debug|Any CPU
		{65512712-1C15-4CD2-BBAC-C8FB2542F04E}.Debug|Any CPU.Build.0 = Debug|Any CPU
		{65512712-1C15-4CD2-BBAC-C8FB2542F04E}.Debug|x64.ActiveCfg = Debug|Any CPU
		{65512712-1C15-4CD2-BBAC-C8FB2542F04E}.Debug|x64.Build.0 = Debug|Any CPU
		{65512712-1C15-4CD2-BBAC-C8FB2542F04E}.Debug|x86.ActiveCfg = Debug|Any CPU
		{65512712-1C15-4CD2-BBAC-C8FB2542F04E}.Debug|x86.Build.0 = Debug|Any CPU
		{65512712-1C15-4CD2-BBAC-C8FB2542F04E}.Release|Any CPU.ActiveCfg = Release|Any CPU
		{65512712-1C15-4CD2-BBAC-C8FB2542F04E}.Release|Any CPU.Build.0 = Release|Any CPU
		{65512712-1C15-4CD2-BBAC-C8FB2542F04E}.Release|x64.ActiveCfg = Release|Any CPU
		{65512712-1C15-4CD2-BBAC-C8FB2542F04E}.Release|x64.Build.0 = Release|Any CPU
		{65512712-1C15-4CD2-BBAC-C8FB2542F04E}.Release|x86.ActiveCfg = Release|Any CPU
		{65512712-1C15-4CD2-BBAC-C8FB2542F04E}.Release|x86.Build.0 = Release|Any CPU
		{9340C419-0582-41A4-8E27-197EEB0E673C}.Debug|Any CPU.ActiveCfg = Debug|Any CPU
		{9340C419-0582-41A4-8E27-197EEB0E673C}.Debug|Any CPU.Build.0 = Debug|Any CPU
		{9340C419-0582-41A4-8E27-197EEB0E673C}.Debug|x64.ActiveCfg = Debug|Any CPU
		{9340C419-0582-41A4-8E27-197EEB0E673C}.Debug|x64.Build.0 = Debug|Any CPU
		{9340C419-0582-41A4-8E27-197EEB0E673C}.Debug|x86.ActiveCfg = Debug|Any CPU
		{9340C419-0582-41A4-8E27-197EEB0E673C}.Debug|x86.Build.0 = Debug|Any CPU
		{9340C419-0582-41A4-8E27-197EEB0E673C}.Release|Any CPU.ActiveCfg = Release|Any CPU
		{9340C419-0582-41A4-8E27-197EEB0E673C}.Release|Any CPU.Build.0 = Release|Any CPU
		{9340C419-0582-41A4-8E27-197EEB0E673C}.Release|x64.ActiveCfg = Release|Any CPU
		{9340C419-0582-41A4-8E27-197EEB0E673C}.Release|x64.Build.0 = Release|Any CPU
		{9340C419-0582-41A4-8E27-197EEB0E673C}.Release|x86.ActiveCfg = Release|Any CPU
		{9340C419-0582-41A4-8E27-197EEB0E673C}.Release|x86.Build.0 = Release|Any CPU
	EndGlobalSection
	GlobalSection(SolutionProperties) = preSolution
		HideSolutionNode = FALSE
	EndGlobalSection
EndGlobal
